
Microsoft Visual Studio Solution File, Format Version 12.00
# Visual Studio Version 16
VisualStudioVersion = 16.0.29509.3
MinimumVisualStudioVersion = 10.0.40219.1
Project("{FAE04EC0-301F-11D3-BF4B-00C04F79EFBC}") = "AdaptiveMailTemplating", "AdaptiveMailTemplating\AdaptiveMailTemplating.csproj", "{C73C38FE-22E1-4B88-B01C-27DE45666832}"
EndProject
Global
	GlobalSection(SolutionConfigurationPlatforms) = preSolution
		Debug|Any CPU = Debug|Any CPU
		Release|Any CPU = Release|Any CPU
	EndGlobalSection
	GlobalSection(ProjectConfigurationPlatforms) = postSolution
		{C73C38FE-22E1-4B88-B01C-27DE45666832}.Debug|Any CPU.ActiveCfg = Debug|Any CPU
		{C73C38FE-22E1-4B88-B01C-27DE45666832}.Debug|Any CPU.Build.0 = Debug|Any CPU
		{C73C38FE-22E1-4B88-B01C-27DE45666832}.Release|Any CPU.ActiveCfg = Release|Any CPU
		{C73C38FE-22E1-4B88-B01C-27DE45666832}.Release|Any CPU.Build.0 = Release|Any CPU
	EndGlobalSection
	GlobalSection(SolutionProperties) = preSolution
		HideSolutionNode = FALSE
	EndGlobalSection
	GlobalSection(ExtensibilityGlobals) = postSolution
		SolutionGuid = {E3828235-A7AD-4355-845D-8D6EEDA18AE1}
	EndGlobalSection
EndGlobal
